// !$*UTF8*$!
{
	archiveVersion = 1;
	classes = {
	};
	objectVersion = 77;
	objects = {

/* Begin PBXContainerItemProxy section */
		5C782FC72EE49E3A003783F3 /* PBXContainerItemProxy */ = {
			isa = PBXContainerItemProxy;
			containerPortal = 5C782FAE2EE49E39003783F3 /* Project object */;
			proxyType = 1;
			remoteGlobalIDString = 5C782FB52EE49E39003783F3;
			remoteInfo = CrossStitchStash;
		};
		5C782FD12EE49E3A003783F3 /* PBXContainerItemProxy */ = {
			isa = PBXContainerItemProxy;
			containerPortal = 5C782FAE2EE49E39003783F3 /* Project object */;
			proxyType = 1;
			remoteGlobalIDString = 5C782FB52EE49E39003783F3;
			remoteInfo = CrossStitchStash;
		};
/* End PBXContainerItemProxy section */

/* Begin PBXFileReference section */
		5C782FB62EE49E39003783F3 /* CrossStitchStash.app */ = {isa = PBXFileReference; explicitFileType = wrapper.application; includeInIndex = 0; path = CrossStitchStash.app; sourceTree = BUILT_PRODUCTS_DIR; };
		5C782FC62EE49E3A003783F3 /* CrossStitchStashTests.xctest */ = {isa = PBXFileReference; explicitFileType = wrapper.cfbundle; includeInIndex = 0; path = CrossStitchStashTests.xctest; sourceTree = BUILT_PRODUCTS_DIR; };
		5C782FD02EE49E3A003783F3 /* CrossStitchStashUITests.xctest */ = {isa = PBXFileReference; explicitFileType = wrapper.cfbundle; includeInIndex = 0; path = CrossStitchStashUITests.xctest; sourceTree = BUILT_PRODUCTS_DIR; };
		5C94B18C2FAD1047003CDB92 /* README.md */ = {isa = PBXFileReference; lastKnownFileType = net.daringfireball.markdown; path = README.md; sourceTree = "<group>"; };
		5C94B18D2FAD105D003CDB92 /* .gitignore */ = {isa = PBXFileReference; lastKnownFileType = text; path = .gitignore; sourceTree = "<group>"; };
/* End PBXFileReference section */

/* Begin PBXFileSystemSynchronizedBuildFileExceptionSet section */
		5C94B1692FAD027B003CDB92 /* Exceptions for "CrossStitchStash" folder in "CrossStitchStashTests" target */ = {
			isa = PBXFileSystemSynchronizedBuildFileExceptionSet;
			membershipExceptions = (
				Screens/PatternStash/PatternStashView/PatternStashView.swift,
				Screens/PatternStash/PatternStashView/PatternStashViewModel.swift,
				Screens/PatternStash/PatternView/PatternView.swift,
				Screens/PatternStash/PatternView/PatternViewModel.swift,
				Screens/ThreadStash/ThreadStashView/ThreadStashView.swift,
				Screens/ThreadStash/ThreadStashView/ThreadStashViewModel.swift,
				Screens/ThreadStash/ThreadView/ThreadView.swift,
				Screens/ThreadStash/ThreadView/ThreadViewModel.swift,
			);
			target = 5C782FC52EE49E3A003783F3 /* CrossStitchStashTests */;
		};
		5C94B16A2FAD027B003CDB92 /* Exceptions for "CrossStitchStash" folder in "CrossStitchStashUITests" target */ = {
			isa = PBXFileSystemSynchronizedBuildFileExceptionSet;
			membershipExceptions = (
				Screens/PatternStash/PatternStashView/PatternStashView.swift,
				Screens/PatternStash/PatternStashView/PatternStashViewModel.swift,
				Screens/PatternStash/PatternView/PatternView.swift,
				Screens/PatternStash/PatternView/PatternViewModel.swift,
				Screens/ThreadStash/ThreadStashView/ThreadStashView.swift,
				Screens/ThreadStash/ThreadStashView/ThreadStashViewModel.swift,
				Screens/ThreadStash/ThreadView/ThreadView.swift,
				Screens/ThreadStash/ThreadView/ThreadViewModel.swift,
			);
			target = 5C782FCF2EE49E3A003783F3 /* CrossStitchStashUITests */;
		};
/* End PBXFileSystemSynchronizedBuildFileExceptionSet section */

/* Begin PBXFileSystemSynchronizedRootGroup section */
		5C782FB82EE49E39003783F3 /* CrossStitchStash */ = {
			isa = PBXFileSystemSynchronizedRootGroup;
			exceptions = (
				5C94B1692FAD027B003CDB92 /* Exceptions for "CrossStitchStash" folder in "CrossStitchStashTests" target */,
				5C94B16A2FAD027B003CDB92 /* Exceptions for "CrossStitchStash" folder in "CrossStitchStashUITests" target */,
			);
			path = CrossStitchStash;
			sourceTree = "<group>";
		};
		5C782FC92EE49E3A003783F3 /* CrossStitchStashTests */ = {
			isa = PBXFileSystemSynchronizedRootGroup;
			path = CrossStitchStashTests;
			sourceTree = "<group>";
		};
		5C782FD32EE49E3A003783F3 /* CrossStitchStashUITests */ = {
			isa = PBXFileSystemSynchronizedRootGroup;
			path = CrossStitchStashUITests;
			sourceTree = "<group>";
		};
/* End PBXFileSystemSynchronizedRootGroup section */

/* Begin PBXFrameworksBuildPhase section */
		5C782FB32EE49E39003783F3 /* Frameworks */ = {
			isa = PBXFrameworksBuildPhase;
			buildActionMask = 2147483647;
			files = (
			);
			runOnlyForDeploymentPostprocessing = 0;
		};
		5C782FC32EE49E3A003783F3 /* Frameworks */ = {
			isa = PBXFrameworksBuildPhase;
			buildActionMask = 2147483647;
			files = (
			);
			runOnlyForDeploymentPostprocessing = 0;
		};
		5C782FCD2EE49E3A003783F3 /* Frameworks */ = {
			isa = PBXFrameworksBuildPhase;
			buildActionMask = 2147483647;
			files = (
			);
			runOnlyForDeploymentPostprocessing = 0;
		};
/* End PBXFrameworksBuildPhase section */

/* Begin PBXGroup section */
		5C782FAD2EE49E39003783F3 = {
			isa = PBXGroup;
			children = (
				5C94B18D2FAD105D003CDB92 /* .gitignore */,
				5C94B18C2FAD1047003CDB92 /* README.md */,
				5C782FB82EE49E39003783F3 /* CrossStitchStash */,
				5C782FC92EE49E3A003783F3 /* CrossStitchStashTests */,
				5C782FD32EE49E3A003783F3 /* CrossStitchStashUITests */,
				5C782FB72EE49E39003783F3 /* Products */,
			);
			sourceTree = "<group>";
		};
		5C782FB72EE49E39003783F3 /* Products */ = {
			isa = PBXGroup;
			children = (
				5C782FB62EE49E39003783F3 /* CrossStitchStash.app */,
				5C782FC62EE49E3A003783F3 /* CrossStitchStashTests.xctest */,
				5C782FD02EE49E3A003783F3 /* CrossStitchStashUITests.xctest */,
			);
			name = Products;
			sourceTree = "<group>";
		};
/* End PBXGroup section */

/* Begin PBXNativeTarget section */
		5C782FB52EE49E39003783F3 /* CrossStitchStash */ = {
			isa = PBXNativeTarget;
			buildConfigurationList = 5C782FDA2EE49E3A003783F3 /* Build configuration list for PBXNativeTarget "CrossStitchStash" */;
			buildPhases = (
				5C782FB22EE49E39003783F3 /* Sources */,
				5C782FB32EE49E39003783F3 /* Frameworks */,
				5C782FB42EE49E39003783F3 /* Resources */,
			);
			buildRules = (
			);
			dependencies = (
			);
			fileSystemSynchronizedGroups = (
				5C782FB82EE49E39003783F3 /* CrossStitchStash */,
			);
			name = CrossStitchStash;
			packageProductDependencies = (
			);
			productName = CrossStitchStash;
			productReference = 5C782FB62EE49E39003783F3 /* CrossStitchStash.app */;
			productType = "com.apple.product-type.application";
		};
		5C782FC52EE49E3A003783F3 /* CrossStitchStashTests */ = {
			isa = PBXNativeTarget;
			buildConfigurationList = 5C782FDD2EE49E3A003783F3 /* Build configuration list for PBXNativeTarget "CrossStitchStashTests" */;
			buildPhases = (
				5C782FC22EE49E3A003783F3 /* Sources */,
				5C782FC32EE49E3A003783F3 /* Frameworks */,
				5C782FC42EE49E3A003783F3 /* Resources */,
			);
			buildRules = (
			);
			dependencies = (
				5C782FC82EE49E3A003783F3 /* PBXTargetDependency */,
			);
			fileSystemSynchronizedGroups = (
				5C782FC92EE49E3A003783F3 /* CrossStitchStashTests */,
			);
			name = CrossStitchStashTests;
			packageProductDependencies = (
			);
			productName = CrossStitchStashTests;
			productReference = 5C782FC62EE49E3A003783F3 /* CrossStitchStashTests.xctest */;
			productType = "com.apple.product-type.bundle.unit-test";
		};
		5C782FCF2EE49E3A003783F3 /* CrossStitchStashUITests */ = {
			isa = PBXNativeTarget;
			buildConfigurationList = 5C782FE02EE49E3A003783F3 /* Build configuration list for PBXNativeTarget "CrossStitchStashUITests" */;
			buildPhases = (
				5C782FCC2EE49E3A003783F3 /* Sources */,
				5C782FCD2EE49E3A003783F3 /* Frameworks */,
				5C782FCE2EE49E3A003783F3 /* Resources */,
			);
			buildRules = (
			);
			dependencies = (
				5C782FD22EE49E3A003783F3 /* PBXTargetDependency */,
			);
			fileSystemSynchronizedGroups = (
				5C782FD32EE49E3A003783F3 /* CrossStitchStashUITests */,
			);
			name = CrossStitchStashUITests;
			packageProductDependencies = (
			);
			productName = CrossStitchStashUITests;
			productReference = 5C782FD02EE49E3A003783F3 /* CrossStitchStashUITests.xctest */;
			productType = "com.apple.product-type.bundle.ui-testing";
		};
/* End PBXNativeTarget section */

/* Begin PBXProject section */
		5C782FAE2EE49E39003783F3 /* Project object */ = {
			isa = PBXProject;
			attributes = {
				BuildIndependentTargetsInParallel = 1;
				LastSwiftUpdateCheck = 1640;
				LastUpgradeCheck = 1640;
				TargetAttributes = {
					5C782FB52EE49E39003783F3 = {
						CreatedOnToolsVersion = 16.4;
					};
					5C782FC52EE49E3A003783F3 = {
						CreatedOnToolsVersion = 16.4;
						TestTargetID = 5C782FB52EE49E39003783F3;
					};
					5C782FCF2EE49E3A003783F3 = {
						CreatedOnToolsVersion = 16.4;
						TestTargetID = 5C782FB52EE49E39003783F3;
					};
				};
			};
			buildConfigurationList = 5C782FB12EE49E39003783F3 /* Build configuration list for PBXProject "CrossStitchStash" */;
			developmentRegion = en;
			hasScannedForEncodings = 0;
			knownRegions = (
				en,
				Base,
			);
			mainGroup = 5C782FAD2EE49E39003783F3;
			minimizedProjectReferenceProxies = 1;
			preferredProjectObjectVersion = 77;
			productRefGroup = 5C782FB72EE49E39003783F3 /* Products */;
			projectDirPath = "";
			projectRoot = "";
			targets = (
				5C782FB52EE49E39003783F3 /* CrossStitchStash */,
				5C782FC52EE49E3A003783F3 /* CrossStitchStashTests */,
				5C782FCF2EE49E3A003783F3 /* CrossStitchStashUITests */,
			);
		};
/* End PBXProject section */

/* Begin PBXResourcesBuildPhase section */
		5C782FB42EE49E39003783F3 /* Resources */ = {
			isa = PBXResourcesBuildPhase;
			buildActionMask = 2147483647;
			files = (
			);
			runOnlyForDeploymentPostprocessing = 0;
		};
		5C782FC42EE49E3A003783F3 /* Resources */ = {
			isa = PBXResourcesBuildPhase;
			buildActionMask = 2147483647;
			files = (
			);
			runOnlyForDeploymentPostprocessing = 0;
		};
		5C782FCE2EE49E3A003783F3 /* Resources */ = {
			isa = PBXResourcesBuildPhase;
			buildActionMask = 2147483647;
			files = (
			);
			runOnlyForDeploymentPostprocessing = 0;
		};
/* End PBXResourcesBuildPhase section */

/* Begin PBXSourcesBuildPhase section */
		5C782FB22EE49E39003783F3 /* Sources */ = {
			isa = PBXSourcesBuildPhase;
			buildActionMask = 2147483647;
			files = (
			);
			runOnlyForDeploymentPostprocessing = 0;
		};
		5C782FC22EE49E3A003783F3 /* Sources */ = {
			isa = PBXSourcesBuildPhase;
			buildActionMask = 2147483647;
			files = (
			);
			runOnlyForDeploymentPostprocessing = 0;
		};
		5C782FCC2EE49E3A003783F3 /* Sources */ = {
			isa = PBXSourcesBuildPhase;
			buildActionMask = 2147483647;
			files = (
			);
			runOnlyForDeploymentPostprocessing = 0;
		};
/* End PBXSourcesBuildPhase section */

/* Begin PBXTargetDependency section */
		5C782FC82EE49E3A003783F3 /* PBXTargetDependency */ = {
			isa = PBXTargetDependency;
			target = 5C782FB52EE49E39003783F3 /* CrossStitchStash */;
			targetProxy = 5C782FC72EE49E3A003783F3 /* PBXContainerItemProxy */;
		};
		5C782FD22EE49E3A003783F3 /* PBXTargetDependency */ = {
			isa = PBXTargetDependency;
			target = 5C782FB52EE49E39003783F3 /* CrossStitchStash */;
			targetProxy = 5C782FD12EE49E3A003783F3 /* PBXContainerItemProxy */;
		};
/* End PBXTargetDependency section */

/* Begin XCBuildConfiguration section */
		5C782FD82EE49E3A003783F3 /* Debug */ = {
			isa = XCBuildConfiguration;
			buildSettings = {
				ALWAYS_SEARCH_USER_PATHS = NO;
				ASSETCATALOG_COMPILER_GENERATE_SWIFT_ASSET_SYMBOL_EXTENSIONS = YES;
				CLANG_ANALYZER_NONNULL = YES;
				CLANG_ANALYZER_NUMBER_OBJECT_CONVERSION = YES_AGGRESSIVE;
				CLANG_CXX_LANGUAGE_STANDARD = "gnu++20";
				CLANG_ENABLE_MODULES = YES;
				CLANG_ENABLE_OBJC_ARC = YES;
				CLANG_ENABLE_OBJC_WEAK = YES;
				CLANG_WARN_BLOCK_CAPTURE_AUTORELEASING = YES;
				CLANG_WARN_BOOL_CONVERSION = YES;
				CLANG_WARN_COMMA = YES;
				CLANG_WARN_CONSTANT_CONVERSION = YES;
				CLANG_WARN_DEPRECATED_OBJC_IMPLEMENTATIONS = YES;
				CLANG_WARN_DIRECT_OBJC_ISA_USAGE = YES_ERROR;
				CLANG_WARN_DOCUMENTATION_COMMENTS = YES;
				CLANG_WARN_EMPTY_BODY = YES;
				CLANG_WARN_ENUM_CONVERSION = YES;
				CLANG_WARN_INFINITE_RECURSION = YES;
				CLANG_WARN_INT_CONVERSION = YES;
				CLANG_WARN_NON_LITERAL_NULL_CONVERSION = YES;
				CLANG_WARN_OBJC_IMPLICIT_RETAIN_SELF = YES;
				CLANG_WARN_OBJC_LITERAL_CONVERSION = YES;
				CLANG_WARN_OBJC_ROOT_CLASS = YES_ERROR;
				CLANG_WARN_QUOTED_INCLUDE_IN_FRAMEWORK_HEADER = YES;
				CLANG_WARN_RANGE_LOOP_ANALYSIS = YES;
				CLANG_WARN_STRICT_PROTOTYPES = YES;
				CLANG_WARN_SUSPICIOUS_MOVE = YES;
				CLANG_WARN_UNGUARDED_AVAILABILITY = YES_AGGRESSIVE;
				CLANG_WARN_UNREACHABLE_CODE = YES;
				CLANG_WARN__DUPLICATE_METHOD_MATCH = YES;
				COPY_PHASE_STRIP = NO;
				DEBUG_INFORMATION_FORMAT = dwarf;
				ENABLE_STRICT_OBJC_MSGSEND = YES;
				ENABLE_TESTABILITY = YES;
				ENABLE_USER_SCRIPT_SANDBOXING = YES;
				GCC_C_LANGUAGE_STANDARD = gnu17;
				GCC_DYNAMIC_NO_PIC = NO;
				GCC_NO_COMMON_BLOCKS = YES;
				GCC_OPTIMIZATION_LEVEL = 0;
				GCC_PREPROCESSOR_DEFINITIONS = (
					"DEBUG=1",
					"$(inherited)",
				);
				GCC_WARN_64_TO_32_BIT_CONVERSION = YES;
				GCC_WARN_ABOUT_RETURN_TYPE = YES_ERROR;
				GCC_WARN_UNDECLARED_SELECTOR = YES;
				GCC_WARN_UNINITIALIZED_AUTOS = YES_AGGRESSIVE;
				GCC_WARN_UNUSED_FUNCTION = YES;
				GCC_WARN_UNUSED_VARIABLE = YES;
				LOCALIZATION_PREFERS_STRING_CATALOGS = YES;
				MTL_ENABLE_DEBUG_INFO = INCLUDE_SOURCE;
				MTL_FAST_MATH = YES;
				ONLY_ACTIVE_ARCH = YES;
				SWIFT_ACTIVE_COMPILATION_CONDITIONS = "DEBUG $(inherited)";
				SWIFT_OPTIMIZATION_LEVEL = "-Onone";
			};
			name = Debug;
		};
		5C782FD92EE49E3A003783F3 /* Release */ = {
			isa = XCBuildConfiguration;
			buildSettings = {
				ALWAYS_SEARCH_USER_PATHS = NO;
				ASSETCATALOG_COMPILER_GENERATE_SWIFT_ASSET_SYMBOL_EXTENSIONS = YES;
				CLANG_ANALYZER_NONNULL = YES;
				CLANG_ANALYZER_NUMBER_OBJECT_CONVERSION = YES_AGGRESSIVE;
				CLANG_CXX_LANGUAGE_STANDARD = "gnu++20";
				CLANG_ENABLE_MODULES = YES;
				CLANG_ENABLE_OBJC_ARC = YES;
				CLANG_ENABLE_OBJC_WEAK = YES;
				CLANG_WARN_BLOCK_CAPTURE_AUTORELEASING = YES;
				CLANG_WARN_BOOL_CONVERSION = YES;
				CLANG_WARN_COMMA = YES;
				CLANG_WARN_CONSTANT_CONVERSION = YES;
				CLANG_WARN_DEPRECATED_OBJC_IMPLEMENTATIONS = YES;
				CLANG_WARN_DIRECT_OBJC_ISA_USAGE = YES_ERROR;
				CLANG_WARN_DOCUMENTATION_COMMENTS = YES;
				CLANG_WARN_EMPTY_BODY = YES;
				CLANG_WARN_ENUM_CONVERSION = YES;
				CLANG_WARN_INFINITE_RECURSION = YES;
				CLANG_WARN_INT_CONVERSION = YES;
				CLANG_WARN_NON_LITERAL_NULL_CONVERSION = YES;
				CLANG_WARN_OBJC_IMPLICIT_RETAIN_SELF = YES;
				CLANG_WARN_OBJC_LITERAL_CONVERSION = YES;
				CLANG_WARN_OBJC_ROOT_CLASS = YES_ERROR;
				CLANG_WARN_QUOTED_INCLUDE_IN_FRAMEWORK_HEADER = YES;
				CLANG_WARN_RANGE_LOOP_ANALYSIS = YES;
				CLANG_WARN_STRICT_PROTOTYPES = YES;
				CLANG_WARN_SUSPICIOUS_MOVE = YES;
				CLANG_WARN_UNGUARDED_AVAILABILITY = YES_AGGRESSIVE;
				CLANG_WARN_UNREACHABLE_CODE = YES;
				CLANG_WARN__DUPLICATE_METHOD_MATCH = YES;
				COPY_PHASE_STRIP = NO;
				DEBUG_INFORMATION_FORMAT = "dwarf-with-dsym";
				ENABLE_NS_ASSERTIONS = NO;
				ENABLE_STRICT_OBJC_MSGSEND = YES;
				ENABLE_USER_SCRIPT_SANDBOXING = YES;
				GCC_C_LANGUAGE_STANDARD = gnu17;
				GCC_NO_COMMON_BLOCKS = YES;
				GCC_WARN_64_TO_32_BIT_CONVERSION = YES;
				GCC_WARN_ABOUT_RETURN_TYPE = YES_ERROR;
				GCC_WARN_UNDECLARED_SELECTOR = YES;
				GCC_WARN_UNINITIALIZED_AUTOS = YES_AGGRESSIVE;
				GCC_WARN_UNUSED_FUNCTION = YES;
				GCC_WARN_UNUSED_VARIABLE = YES;
				LOCALIZATION_PREFERS_STRING_CATALOGS = YES;
				MTL_ENABLE_DEBUG_INFO = NO;
				MTL_FAST_MATH = YES;
				SWIFT_COMPILATION_MODE = wholemodule;
			};
			name = Release;
		};
		5C782FDB2EE49E3A003783F3 /* Debug */ = {
			isa = XCBuildConfiguration;
			buildSettings = {
				ASSETCATALOG_COMPILER_APPICON_NAME = AppIcon;
				ASSETCATALOG_COMPILER_GLOBAL_ACCENT_COLOR_NAME = AccentColor;
				CODE_SIGN_ENTITLEMENTS = CrossStitchStash/CrossStitchStash.entitlements;
				CODE_SIGN_STYLE = Automatic;
				CURRENT_PROJECT_VERSION = 1;
				ENABLE_PREVIEWS = YES;
				GENERATE_INFOPLIST_FILE = YES;
				"INFOPLIST_KEY_UIApplicationSceneManifest_Generation[sdk=iphoneos*]" = YES;
				"INFOPLIST_KEY_UIApplicationSceneManifest_Generation[sdk=iphonesimulator*]" = YES;
				"INFOPLIST_KEY_UIApplicationSupportsIndirectInputEvents[sdk=iphoneos*]" = YES;
				"INFOPLIST_KEY_UIApplicationSupportsIndirectInputEvents[sdk=iphonesimulator*]" = YES;
				"INFOPLIST_KEY_UILaunchScreen_Generation[sdk=iphoneos*]" = YES;
				"INFOPLIST_KEY_UILaunchScreen_Generation[sdk=iphonesimulator*]" = YES;
				"INFOPLIST_KEY_UIStatusBarStyle[sdk=iphoneos*]" = UIStatusBarStyleDefault;
				"INFOPLIST_KEY_UIStatusBarStyle[sdk=iphonesimulator*]" = UIStatusBarStyleDefault;
				INFOPLIST_KEY_UISupportedInterfaceOrientations = UIInterfaceOrientationPortrait;
				INFOPLIST_KEY_UISupportedInterfaceOrientations_iPad = "UIInterfaceOrientationPortrait UIInterfaceOrientationPortraitUpsideDown";
				IPHONEOS_DEPLOYMENT_TARGET = 18.5;
				LD_RUNPATH_SEARCH_PATHS = "@executable_path/Frameworks";
				"LD_RUNPATH_SEARCH_PATHS[sdk=macosx*]" = "@executable_path/../Frameworks";
				MACOSX_DEPLOYMENT_TARGET = 15.6;
				MARKETING_VERSION = 1.0;
				PRODUCT_BUNDLE_IDENTIFIER = co.dcushing.CrossStitchStash;
				PRODUCT_NAME = "$(TARGET_NAME)";
				REGISTER_APP_GROUPS = YES;
				SDKROOT = auto;
				SUPPORTED_PLATFORMS = "iphoneos iphonesimulator macosx xros xrsimulator";
				SWIFT_EMIT_LOC_STRINGS = YES;
				SWIFT_VERSION = 5.0;
				TARGETED_DEVICE_FAMILY = "1,2,7";
				XROS_DEPLOYMENT_TARGET = 2.5;
			};
			name = Debug;
		};
		5C782FDC2EE49E3A003783F3 /* Release */ = {
			isa = XCBuildConfiguration;
			buildSettings = {
				ASSETCATALOG_COMPILER_APPICON_NAME = AppIcon;
				ASSETCATALOG_COMPILER_GLOBAL_ACCENT_COLOR_NAME = AccentColor;
				CODE_SIGN_ENTITLEMENTS = CrossStitchStash/CrossStitchStash.entitlements;
				CODE_SIGN_STYLE = Automatic;
				CURRENT_PROJECT_VERSION = 1;
				ENABLE_PREVIEWS = YES;
				GENERATE_INFOPLIST_FILE = YES;
				"INFOPLIST_KEY_UIApplicationSceneManifest_Generation[sdk=iphoneos*]" = YES;
				"INFOPLIST_KEY_UIApplicationSceneManifest_Generation[sdk=iphonesimulator*]" = YES;
				"INFOPLIST_KEY_UIApplicationSupportsIndirectInputEvents[sdk=iphoneos*]" = YES;
				"INFOPLIST_KEY_UIApplicationSupportsIndirectInputEvents[sdk=iphonesimulator*]" = YES;
				"INFOPLIST_KEY_UILaunchScreen_Generation[sdk=iphoneos*]" = YES;
				"INFOPLIST_KEY_UILaunchScreen_Generation[sdk=iphonesimulator*]" = YES;
				"INFOPLIST_KEY_UIStatusBarStyle[sdk=iphoneos*]" = UIStatusBarStyleDefault;
				"INFOPLIST_KEY_UIStatusBarStyle[sdk=iphonesimulator*]" = UIStatusBarStyleDefault;
				INFOPLIST_KEY_UISupportedInterfaceOrientations = UIInterfaceOrientationPortrait;
				INFOPLIST_KEY_UISupportedInterfaceOrientations_iPad = "UIInterfaceOrientationPortrait UIInterfaceOrientationPortraitUpsideDown";
				IPHONEOS_DEPLOYMENT_TARGET = 18.5;
				LD_RUNPATH_SEARCH_PATHS = "@executable_path/Frameworks";
				"LD_RUNPATH_SEARCH_PATHS[sdk=macosx*]" = "@executable_path/../Frameworks";
				MACOSX_DEPLOYMENT_TARGET = 15.6;
				MARKETING_VERSION = 1.0;
				PRODUCT_BUNDLE_IDENTIFIER = co.dcushing.CrossStitchStash;
				PRODUCT_NAME = "$(TARGET_NAME)";
				REGISTER_APP_GROUPS = YES;
				SDKROOT = auto;
				SUPPORTED_PLATFORMS = "iphoneos iphonesimulator macosx xros xrsimulator";
				SWIFT_EMIT_LOC_STRINGS = YES;
				SWIFT_VERSION = 5.0;
				TARGETED_DEVICE_FAMILY = "1,2,7";
				XROS_DEPLOYMENT_TARGET = 2.5;
			};
			name = Release;
		};
		5C782FDE2EE49E3A003783F3 /* Debug */ = {
			isa = XCBuildConfiguration;
			buildSettings = {
				BUNDLE_LOADER = "$(TEST_HOST)";
				CODE_SIGN_STYLE = Automatic;
				CURRENT_PROJECT_VERSION = 1;
				GENERATE_INFOPLIST_FILE = YES;
				IPHONEOS_DEPLOYMENT_TARGET = 18.5;
				MACOSX_DEPLOYMENT_TARGET = 15.5;
				MARKETING_VERSION = 1.0;
				PRODUCT_BUNDLE_IDENTIFIER = co.dcushing.CrossStitchStashTests;
				PRODUCT_NAME = "$(TARGET_NAME)";
				SDKROOT = auto;
				SUPPORTED_PLATFORMS = "iphoneos iphonesimulator macosx xros xrsimulator";
				SWIFT_EMIT_LOC_STRINGS = NO;
				SWIFT_VERSION = 5.0;
				TARGETED_DEVICE_FAMILY = "1,2,7";
				TEST_HOST = "$(BUILT_PRODUCTS_DIR)/CrossStitchStash.app/$(BUNDLE_EXECUTABLE_FOLDER_PATH)/CrossStitchStash";
				XROS_DEPLOYMENT_TARGET = 2.5;
			};
			name = Debug;
		};
		5C782FDF2EE49E3A003783F3 /* Release */ = {
			isa = XCBuildConfiguration;
			buildSettings = {
				BUNDLE_LOADER = "$(TEST_HOST)";
				CODE_SIGN_STYLE = Automatic;
				CURRENT_PROJECT_VERSION = 1;
				GENERATE_INFOPLIST_FILE = YES;
				IPHONEOS_DEPLOYMENT_TARGET = 18.5;
				MACOSX_DEPLOYMENT_TARGET = 15.5;
				MARKETING_VERSION = 1.0;
				PRODUCT_BUNDLE_IDENTIFIER = co.dcushing.CrossStitchStashTests;
				PRODUCT_NAME = "$(TARGET_NAME)";
				SDKROOT = auto;
				SUPPORTED_PLATFORMS = "iphoneos iphonesimulator macosx xros xrsimulator";
				SWIFT_EMIT_LOC_STRINGS = NO;
				SWIFT_VERSION = 5.0;
				TARGETED_DEVICE_FAMILY = "1,2,7";
				TEST_HOST = "$(BUILT_PRODUCTS_DIR)/CrossStitchStash.app/$(BUNDLE_EXECUTABLE_FOLDER_PATH)/CrossStitchStash";
				XROS_DEPLOYMENT_TARGET = 2.5;
			};
			name = Release;
		};
		5C782FE12EE49E3A003783F3 /* Debug */ = {
			isa = XCBuildConfiguration;
			buildSettings = {
				CODE_SIGN_STYLE = Automatic;
				CURRENT_PROJECT_VERSION = 1;
				GENERATE_INFOPLIST_FILE = YES;
				IPHONEOS_DEPLOYMENT_TARGET = 18.5;
				MACOSX_DEPLOYMENT_TARGET = 15.5;
				MARKETING_VERSION = 1.0;
				PRODUCT_BUNDLE_IDENTIFIER = co.dcushing.CrossStitchStashUITests;
				PRODUCT_NAME = "$(TARGET_NAME)";
				SDKROOT = auto;
				SUPPORTED_PLATFORMS = "iphoneos iphonesimulator macosx xros xrsimulator";
				SWIFT_EMIT_LOC_STRINGS = NO;
				SWIFT_VERSION = 5.0;
				TARGETED_DEVICE_FAMILY = "1,2,7";
				TEST_TARGET_NAME = CrossStitchStash;
				XROS_DEPLOYMENT_TARGET = 2.5;
			};
			name = Debug;
		};
		5C782FE22EE49E3A003783F3 /* Release */ = {
			isa = XCBuildConfiguration;
			buildSettings = {
				CODE_SIGN_STYLE = Automatic;
				CURRENT_PROJECT_VERSION = 1;
				GENERATE_INFOPLIST_FILE = YES;
				IPHONEOS_DEPLOYMENT_TARGET = 18.5;
				MACOSX_DEPLOYMENT_TARGET = 15.5;
				MARKETING_VERSION = 1.0;
				PRODUCT_BUNDLE_IDENTIFIER = co.dcushing.CrossStitchStashUITests;
				PRODUCT_NAME = "$(TARGET_NAME)";
				SDKROOT = auto;
				SUPPORTED_PLATFORMS = "iphoneos iphonesimulator macosx xros xrsimulator";
				SWIFT_EMIT_LOC_STRINGS = NO;
				SWIFT_VERSION = 5.0;
				TARGETED_DEVICE_FAMILY = "1,2,7";
				TEST_TARGET_NAME = CrossStitchStash;
				XROS_DEPLOYMENT_TARGET = 2.5;
			};
			name = Release;
		};
/* End XCBuildConfiguration section */

/* Begin XCConfigurationList section */
		5C782FB12EE49E39003783F3 /* Build configuration list for PBXProject "CrossStitchStash" */ = {
			isa = XCConfigurationList;
			buildConfigurations = (
				5C782FD82EE49E3A003783F3 /* Debug */,
				5C782FD92EE49E3A003783F3 /* Release */,
			);
			defaultConfigurationIsVisible = 0;
			defaultConfigurationName = Release;
		};
		5C782FDA2EE49E3A003783F3 /* Build configuration list for PBXNativeTarget "CrossStitchStash" */ = {
			isa = XCConfigurationList;
			buildConfigurations = (
				5C782FDB2EE49E3A003783F3 /* Debug */,
				5C782FDC2EE49E3A003783F3 /* Release */,
			);
			defaultConfigurationIsVisible = 0;
			defaultConfigurationName = Release;
		};
		5C782FDD2EE49E3A003783F3 /* Build configuration list for PBXNativeTarget "CrossStitchStashTests" */ = {
			isa = XCConfigurationList;
			buildConfigurations = (
				5C782FDE2EE49E3A003783F3 /* Debug */,
				5C782FDF2EE49E3A003783F3 /* Release */,
			);
			defaultConfigurationIsVisible = 0;
			defaultConfigurationName = Release;
		};
		5C782FE02EE49E3A003783F3 /* Build configuration list for PBXNativeTarget "CrossStitchStashUITests" */ = {
			isa = XCConfigurationList;
			buildConfigurations = (
				5C782FE12EE49E3A003783F3 /* Debug */,
				5C782FE22EE49E3A003783F3 /* Release */,
			);
			defaultConfigurationIsVisible = 0;
			defaultConfigurationName = Release;
		};
/* End XCConfigurationList section */
	};
	rootObject = 5C782FAE2EE49E39003783F3 /* Project object */;
}
